
Microsoft Visual Studio Solution File, Format Version 12.00
# Visual Studio Version 17
VisualStudioVersion = 17.4.33213.308
MinimumVisualStudioVersion = 10.0.40219.1
Project("{2150E333-8FDC-42A3-9474-1A3956D46DE8}") = "1. Enterprice Business Rules", "1. Enterprice Business Rules", "{ACD138AA-D8FC-4D58-83D6-4A1AD509090B}"
EndProject
Project("{2150E333-8FDC-42A3-9474-1A3956D46DE8}") = "2. Application Business Rules", "2. Application Business Rules", "{33F23C37-CFAE-4DA4-870A-4447D894A803}"
EndProject
Project("{2150E333-8FDC-42A3-9474-1A3956D46DE8}") = "3. Interface Adapters", "3. Interface Adapters", "{E64A4656-E2C5-4914-B079-246C6FA07CB2}"
EndProject
Project("{2150E333-8FDC-42A3-9474-1A3956D46DE8}") = "4. Frameworks and Drivers", "4. Frameworks and Drivers", "{F3018A30-9BA9-469B-8B49-C93001D34539}"
EndProject
Project("{9A19103F-16F7-4668-BE54-9A1E7A4F7556}") = "BlazingPizza.Backend.BussinesObjects", "src\BlazingPizza.BussinesObjects\BlazingPizza.Backend.BussinesObjects.csproj", "{611773F2-8A6C-4321-A640-61DA7199F164}"
EndProject
Project("{2150E333-8FDC-42A3-9474-1A3956D46DE8}") = "Models", "Models", "{43ECB410-5747-41E5-9F67-CD6859BBD297}"
EndProject
Project("{9A19103F-16F7-4668-BE54-9A1E7A4F7556}") = "BlazingPizza.Models", "src\BlazingPizza.Models\BlazingPizza.Models.csproj", "{BC664135-7025-4D9C-9F87-B4438BBFD05A}"
EndProject
Project("{2150E333-8FDC-42A3-9474-1A3956D46DE8}") = "ViewModels", "ViewModels", "{73F1FA9B-0CDA-4666-9C00-74D241D7AE7D}"
EndProject
Project("{9A19103F-16F7-4668-BE54-9A1E7A4F7556}") = "BlazingPizza.ViewModels", "src\BlazingPizza.ViewModels\BlazingPizza.ViewModels.csproj", "{66036B64-9A13-4157-BFD3-BBD8E5312931}"
EndProject
Project("{2150E333-8FDC-42A3-9474-1A3956D46DE8}") = "Views", "Views", "{79B0C9AC-AC88-4B28-BD97-FA96AC66FD14}"
EndProject
Project("{9A19103F-16F7-4668-BE54-9A1E7A4F7556}") = "BlazingPizza.Razor.Views", "src\BlazingPizza.Razor.Views\BlazingPizza.Razor.Views.csproj", "{D5AAF32F-2E9E-49F0-B5DA-747EB34769C4}"
EndProject
Project("{9A19103F-16F7-4668-BE54-9A1E7A4F7556}") = "BlazingPizza.IoC.Frontend", "src\BlazingPizza.IoC.Frontend\BlazingPizza.IoC.Frontend.csproj", "{99C9118F-71F7-40B2-BD58-9629E5F54346}"
EndProject
Project("{2150E333-8FDC-42A3-9474-1A3956D46DE8}") = "UIs", "UIs", "{49846A86-FFDD-44E7-AA35-76CB8E8E0062}"
EndProject
Project("{9A19103F-16F7-4668-BE54-9A1E7A4F7556}") = "BlazingPizza.BlazorClient", "src\BlazingPizza.BlazorClient\BlazingPizza.BlazorClient.csproj", "{BF2D3CEE-CE58-4F04-BCAE-A60BD3293559}"
EndProject
Project("{9A19103F-16F7-4668-BE54-9A1E7A4F7556}") = "BlazingPizza.WpfClient", "src\BlazingPizza.WpfClient\BlazingPizza.WpfClient.csproj", "{4BC76746-CD9D-4F31-A145-7031857CCD93}"
EndProject
Project("{9A19103F-16F7-4668-BE54-9A1E7A4F7556}") = "BlazingPizza.WinFormsClient", "src\BlazingPizza.WinFormsClient\BlazingPizza.WinFormsClient.csproj", "{4CBFE5A5-707F-4FC5-ABF3-7C1617103E9B}"
EndProject
Project("{9A19103F-16F7-4668-BE54-9A1E7A4F7556}") = "BlazingPizza.MauiClient", "src\BlazingPizza.MauiClient\BlazingPizza.MauiClient.csproj", "{166E1F14-EF5D-40C7-BDEA-D2505FE4A662}"
EndProject
Project("{9A19103F-16F7-4668-BE54-9A1E7A4F7556}") = "BlazingPizza.UseCases", "src\BlazingPizza.UseCases\BlazingPizza.UseCases.csproj", "{24FCAE6B-55BB-4E16-BF87-85C1450C5A50}"
EndProject
Project("{2150E333-8FDC-42A3-9474-1A3956D46DE8}") = "Gateways", "Gateways", "{73C1D108-6F59-4E6B-8345-96AED80725CA}"
EndProject
Project("{2150E333-8FDC-42A3-9474-1A3956D46DE8}") = "Repositories", "Repositories", "{92D0F541-C5B0-4492-8CCA-362D891B2630}"
EndProject
Project("{9A19103F-16F7-4668-BE54-9A1E7A4F7556}") = "BlazingPizza.EFCore.Repositories", "src\BlazingPissza.EFCore.Repositories\BlazingPizza.EFCore.Repositories.csproj", "{B6C03A43-88C5-46D4-9018-15D72D76B926}"
EndProject
Project("{2150E333-8FDC-42A3-9474-1A3956D46DE8}") = "Controllers", "Controllers", "{E25E76CD-1FAD-46D5-A35B-70A42E4CB962}"
EndProject
Project("{9A19103F-16F7-4668-BE54-9A1E7A4F7556}") = "BlazingPizza.Controllers", "src\BlazingPizza.Controllers\BlazingPizza.Controllers.csproj", "{8E900736-8267-4D5C-8A45-A66AA31BA5AE}"
EndProject
Project("{9A19103F-16F7-4668-BE54-9A1E7A4F7556}") = "BlazingPizza.Ioc.Backend", "src\BlazingPizza.Ioc.Backend\BlazingPizza.Ioc.Backend.csproj", "{8BFD2E4E-5980-4550-BFB1-E767825C3EF8}"
EndProject
Project("{9A19103F-16F7-4668-BE54-9A1E7A4F7556}") = "BlazingPizza.WebApi", "src\BlazingPizza.WebApi\BlazingPizza.WebApi.csproj", "{DB5EE881-4468-4F75-80FA-421EEAAC2113}"
EndProject
Project("{2150E333-8FDC-42A3-9474-1A3956D46DE8}") = "Presenters", "Presenters", "{B116B1D8-CA68-4955-8016-E8A06ED59BA3}"
EndProject
Project("{9A19103F-16F7-4668-BE54-9A1E7A4F7556}") = "BlazingPizza.Presenters", "src\BlazingPizza.Presenters\BlazingPizza.Presenters.csproj", "{D8DC5433-BA87-4048-B4C7-54B151D7EAF4}"
EndProject
Project("{2150E333-8FDC-42A3-9474-1A3956D46DE8}") = "WebApiGateways", "WebApiGateways", "{95645F00-849A-4896-9173-C0E393E49662}"
EndProject
Project("{9A19103F-16F7-4668-BE54-9A1E7A4F7556}") = "BlazingPizza.Gateways", "src\BlazingPizza.Gateways\BlazingPizza.Gateways.csproj", "{D2248800-1E24-4C12-A586-FBBB59FCE82C}"
EndProject
Project("{9A19103F-16F7-4668-BE54-9A1E7A4F7556}") = "BlazorDemo", "BlazorDemo\BlazorDemo.csproj", "{4C90EB13-5AE4-4BDC-B066-58186441EB9F}"
EndProject
Project("{2150E333-8FDC-42A3-9474-1A3956D46DE8}") = "BussinesObjects", "BussinesObjects", "{72BE5F60-92BE-4032-89FF-BFC90D9EC56B}"
EndProject
Project("{9A19103F-16F7-4668-BE54-9A1E7A4F7556}") = "BlazingPizza.Shared.BussinesObjects", "src\BlazingPizza.Shared.BussinesObjects\BlazingPizza.Shared.BussinesObjects.csproj", "{ABFDF4C3-087F-4004-9FBA-C99742054A53}"
EndProject
Project("{9A19103F-16F7-4668-BE54-9A1E7A4F7556}") = "BlazingPizza.FrondEnd.BussinesObjects", "src\BlazingPizza.FrondEnd.BussinesObjects\BlazingPizza.FrondEnd.BussinesObjects.csproj", "{DA75033B-4DB8-45AC-B436-5FE425BCE040}"
EndProject
Project("{2150E333-8FDC-42A3-9474-1A3956D46DE8}") = "Frameworks", "Frameworks", "{39996919-EEB0-40B7-95EB-550C81F5036E}"
EndProject
Project("{9A19103F-16F7-4668-BE54-9A1E7A4F7556}") = "BlazingPizza.ValidationWithSpecificationApi", "src\BlazingPizza.ValidationWithSpecificationApi\BlazingPizza.ValidationWithSpecificationApi.csproj", "{FD1C519F-CD18-4A2A-B3C8-473CAE740B76}"
EndProject
Project("{9A19103F-16F7-4668-BE54-9A1E7A4F7556}") = "SpecificationValidation", "src\SpecificationValidation\SpecificationValidation.csproj", "{A596305B-451F-46CE-88EC-AE2384B8ADF6}"
EndProject
Project("{9A19103F-16F7-4668-BE54-9A1E7A4F7556}") = "SpecificationValidation.Blazor", "src\SpecificationValidation.Blazor\SpecificationValidation.Blazor.csproj", "{C9BE0FCA-ACA1-42B8-90F7-F04E03D58FF3}"
EndProject
Project("{9A19103F-16F7-4668-BE54-9A1E7A4F7556}") = "BlazingPizza.Shared.Validators", "src\BlazingPizza.Shared.Validators\BlazingPizza.Shared.Validators.csproj", "{405CDB33-859C-4ED0-B55D-DB67A43A7545}"
EndProject
Project("{9A19103F-16F7-4668-BE54-9A1E7A4F7556}") = "SpecificationValidation.Entities", "src\SpecificationValidation.Entities\SpecificationValidation.Entities.csproj", "{B0BC48CC-0CEF-41FB-9953-DF1FD1712C54}"
EndProject
Project("{9A19103F-16F7-4668-BE54-9A1E7A4F7556}") = "SpecificationValidation.Abstractions", "src\SpecificationValidation.Abstractions\SpecificationValidation.Abstractions.csproj", "{98824414-8439-4A57-BCB8-9B7872C1DE2A}"
EndProject
Project("{9A19103F-16F7-4668-BE54-9A1E7A4F7556}") = "CustomExceptions", "src\CustomExceptions\CustomExceptions.csproj", "{D5AF3127-F1AC-4FED-BE55-225050BB132C}"
EndProject
Project("{9A19103F-16F7-4668-BE54-9A1E7A4F7556}") = "CustomExceptions.HttpHandlers", "src\CustomExceptions.HttpHandlers\CustomExceptions.HttpHandlers.csproj", "{315FD9B2-9984-41DF-97A6-B1F4F7657A64}"
EndProject
Project("{9A19103F-16F7-4668-BE54-9A1E7A4F7556}") = "ExceptionHandler.Razor", "src\ExceptionHandler.Razor\ExceptionHandler.Razor.csproj", "{E699A7B8-818E-49AB-AD09-5AFD9A1E0470}"
EndProject
Project("{9A19103F-16F7-4668-BE54-9A1E7A4F7556}") = "Toast.Blazor", "src\Toast.Blazor\Toast.Blazor.csproj", "{B9A7F17B-6725-4E0C-BDC0-B15A6FA8E317}"
EndProject
Project("{9A19103F-16F7-4668-BE54-9A1E7A4F7556}") = "HttpMessageHandlers", "src\HttpMessageHandlers\HttpMessageHandlers.csproj", "{D79747A6-584A-4454-B961-EDF317E5E6E4}"
EndProject
Project("{9A19103F-16F7-4668-BE54-9A1E7A4F7556}") = "SweetAlert.Blazor", "src\SweetAlert.Blazor\SweetAlert.Blazor.csproj", "{A984038E-93F8-4840-ADC7-22687A979753}"
EndProject
Project("{9A19103F-16F7-4668-BE54-9A1E7A4F7556}") = "DrMaps.Blazor", "c:\drualcman\DrMaps.Blazor\DrMaps.Blazor\DrMaps.Blazor.csproj", "{19B8A491-4F8D-4D35-92F3-1C02B49CF8A2}"
EndProject
Project("{9A19103F-16F7-4668-BE54-9A1E7A4F7556}") = "Geolocation.Blazor", "src\Geolocation.Blazor\Geolocation.Blazor.csproj", "{AF57A54C-A1BB-4962-BC48-42C17E0B1FF1}"
EndProject
Project("{9A19103F-16F7-4668-BE54-9A1E7A4F7556}") = "PositionTrackerSimulator", "c:\drualcman\PositionTrackerSimulator\PositionTrackerSimulator.csproj", "{5D5C3EE2-E7A1-4AB7-9CC1-2FF2036D905B}"
EndProject
Project("{9A19103F-16F7-4668-BE54-9A1E7A4F7556}") = "BlazingPizza.OrderTrackerSimulator", "src\BlazingPizza.OrderTrackerSimulator\BlazingPizza.OrderTrackerSimulator.csproj", "{220CE2DD-46EA-4A4A-94BC-53AF84CE75A7}"
EndProject
Project("{FAE04EC0-301F-11D3-BF4B-00C04F79EFBC}") = "Dialog.Blazor", "src\Dialog.Blazor\Dialog.Blazor.csproj", "{F73C9D59-2040-45D7-A573-90B640C00209}"
EndProject
Project("{FAE04EC0-301F-11D3-BF4B-00C04F79EFBC}") = "TemplatedList.Blazor", "src\TemplatedList.Blazor\TemplatedList.Blazor.csproj", "{CAA5D3FE-1A1F-4122-BC9A-456AE99F1CB9}"
EndProject
Global
	GlobalSection(SolutionConfigurationPlatforms) = preSolution
		Debug|Any CPU = Debug|Any CPU
		Release|Any CPU = Release|Any CPU
	EndGlobalSection
	GlobalSection(ProjectConfigurationPlatforms) = postSolution
		{611773F2-8A6C-4321-A640-61DA7199F164}.Debug|Any CPU.ActiveCfg = Debug|Any CPU
		{611773F2-8A6C-4321-A640-61DA7199F164}.Debug|Any CPU.Build.0 = Debug|Any CPU
		{611773F2-8A6C-4321-A640-61DA7199F164}.Release|Any CPU.ActiveCfg = Release|Any CPU
		{611773F2-8A6C-4321-A640-61DA7199F164}.Release|Any CPU.Build.0 = Release|Any CPU
		{BC664135-7025-4D9C-9F87-B4438BBFD05A}.Debug|Any CPU.ActiveCfg = Debug|Any CPU
		{BC664135-7025-4D9C-9F87-B4438BBFD05A}.Debug|Any CPU.Build.0 = Debug|Any CPU
		{BC664135-7025-4D9C-9F87-B4438BBFD05A}.Release|Any CPU.ActiveCfg = Release|Any CPU
		{BC664135-7025-4D9C-9F87-B4438BBFD05A}.Release|Any CPU.Build.0 = Release|Any CPU
		{66036B64-9A13-4157-BFD3-BBD8E5312931}.Debug|Any CPU.ActiveCfg = Debug|Any CPU
		{66036B64-9A13-4157-BFD3-BBD8E5312931}.Debug|Any CPU.Build.0 = Debug|Any CPU
		{66036B64-9A13-4157-BFD3-BBD8E5312931}.Release|Any CPU.ActiveCfg = Release|Any CPU
		{66036B64-9A13-4157-BFD3-BBD8E5312931}.Release|Any CPU.Build.0 = Release|Any CPU
		{D5AAF32F-2E9E-49F0-B5DA-747EB34769C4}.Debug|Any CPU.ActiveCfg = Debug|Any CPU
		{D5AAF32F-2E9E-49F0-B5DA-747EB34769C4}.Debug|Any CPU.Build.0 = Debug|Any CPU
		{D5AAF32F-2E9E-49F0-B5DA-747EB34769C4}.Release|Any CPU.ActiveCfg = Release|Any CPU
		{D5AAF32F-2E9E-49F0-B5DA-747EB34769C4}.Release|Any CPU.Build.0 = Release|Any CPU
		{99C9118F-71F7-40B2-BD58-9629E5F54346}.Debug|Any CPU.ActiveCfg = Debug|Any CPU
		{99C9118F-71F7-40B2-BD58-9629E5F54346}.Debug|Any CPU.Build.0 = Debug|Any CPU
		{99C9118F-71F7-40B2-BD58-9629E5F54346}.Release|Any CPU.ActiveCfg = Release|Any CPU
		{99C9118F-71F7-40B2-BD58-9629E5F54346}.Release|Any CPU.Build.0 = Release|Any CPU
		{BF2D3CEE-CE58-4F04-BCAE-A60BD3293559}.Debug|Any CPU.ActiveCfg = Debug|Any CPU
		{BF2D3CEE-CE58-4F04-BCAE-A60BD3293559}.Debug|Any CPU.Build.0 = Debug|Any CPU
		{BF2D3CEE-CE58-4F04-BCAE-A60BD3293559}.Release|Any CPU.ActiveCfg = Release|Any CPU
		{BF2D3CEE-CE58-4F04-BCAE-A60BD3293559}.Release|Any CPU.Build.0 = Release|Any CPU
		{4BC76746-CD9D-4F31-A145-7031857CCD93}.Debug|Any CPU.ActiveCfg = Debug|Any CPU
		{4BC76746-CD9D-4F31-A145-7031857CCD93}.Debug|Any CPU.Build.0 = Debug|Any CPU
		{4BC76746-CD9D-4F31-A145-7031857CCD93}.Release|Any CPU.ActiveCfg = Release|Any CPU
		{4BC76746-CD9D-4F31-A145-7031857CCD93}.Release|Any CPU.Build.0 = Release|Any CPU
		{4CBFE5A5-707F-4FC5-ABF3-7C1617103E9B}.Debug|Any CPU.ActiveCfg = Debug|Any CPU
		{4CBFE5A5-707F-4FC5-ABF3-7C1617103E9B}.Debug|Any CPU.Build.0 = Debug|Any CPU
		{4CBFE5A5-707F-4FC5-ABF3-7C1617103E9B}.Release|Any CPU.ActiveCfg = Release|Any CPU
		{4CBFE5A5-707F-4FC5-ABF3-7C1617103E9B}.Release|Any CPU.Build.0 = Release|Any CPU
		{166E1F14-EF5D-40C7-BDEA-D2505FE4A662}.Debug|Any CPU.ActiveCfg = Debug|Any CPU
		{166E1F14-EF5D-40C7-BDEA-D2505FE4A662}.Debug|Any CPU.Build.0 = Debug|Any CPU
		{166E1F14-EF5D-40C7-BDEA-D2505FE4A662}.Debug|Any CPU.Deploy.0 = Debug|Any CPU
		{166E1F14-EF5D-40C7-BDEA-D2505FE4A662}.Release|Any CPU.ActiveCfg = Release|Any CPU
		{166E1F14-EF5D-40C7-BDEA-D2505FE4A662}.Release|Any CPU.Build.0 = Release|Any CPU
		{166E1F14-EF5D-40C7-BDEA-D2505FE4A662}.Release|Any CPU.Deploy.0 = Release|Any CPU
		{24FCAE6B-55BB-4E16-BF87-85C1450C5A50}.Debug|Any CPU.ActiveCfg = Debug|Any CPU
		{24FCAE6B-55BB-4E16-BF87-85C1450C5A50}.Debug|Any CPU.Build.0 = Debug|Any CPU
		{24FCAE6B-55BB-4E16-BF87-85C1450C5A50}.Release|Any CPU.ActiveCfg = Release|Any CPU
		{24FCAE6B-55BB-4E16-BF87-85C1450C5A50}.Release|Any CPU.Build.0 = Release|Any CPU
		{B6C03A43-88C5-46D4-9018-15D72D76B926}.Debug|Any CPU.ActiveCfg = Debug|Any CPU
		{B6C03A43-88C5-46D4-9018-15D72D76B926}.Debug|Any CPU.Build.0 = Debug|Any CPU
		{B6C03A43-88C5-46D4-9018-15D72D76B926}.Release|Any CPU.ActiveCfg = Release|Any CPU
		{B6C03A43-88C5-46D4-9018-15D72D76B926}.Release|Any CPU.Build.0 = Release|Any CPU
		{8E900736-8267-4D5C-8A45-A66AA31BA5AE}.Debug|Any CPU.ActiveCfg = Debug|Any CPU
		{8E900736-8267-4D5C-8A45-A66AA31BA5AE}.Debug|Any CPU.Build.0 = Debug|Any CPU
		{8E900736-8267-4D5C-8A45-A66AA31BA5AE}.Release|Any CPU.ActiveCfg = Release|Any CPU
		{8E900736-8267-4D5C-8A45-A66AA31BA5AE}.Release|Any CPU.Build.0 = Release|Any CPU
		{8BFD2E4E-5980-4550-BFB1-E767825C3EF8}.Debug|Any CPU.ActiveCfg = Debug|Any CPU
		{8BFD2E4E-5980-4550-BFB1-E767825C3EF8}.Debug|Any CPU.Build.0 = Debug|Any CPU
		{8BFD2E4E-5980-4550-BFB1-E767825C3EF8}.Release|Any CPU.ActiveCfg = Release|Any CPU
		{8BFD2E4E-5980-4550-BFB1-E767825C3EF8}.Release|Any CPU.Build.0 = Release|Any CPU
		{DB5EE881-4468-4F75-80FA-421EEAAC2113}.Debug|Any CPU.ActiveCfg = Debug|Any CPU
		{DB5EE881-4468-4F75-80FA-421EEAAC2113}.Debug|Any CPU.Build.0 = Debug|Any CPU
		{DB5EE881-4468-4F75-80FA-421EEAAC2113}.Release|Any CPU.ActiveCfg = Release|Any CPU
		{DB5EE881-4468-4F75-80FA-421EEAAC2113}.Release|Any CPU.Build.0 = Release|Any CPU
		{D8DC5433-BA87-4048-B4C7-54B151D7EAF4}.Debug|Any CPU.ActiveCfg = Debug|Any CPU
		{D8DC5433-BA87-4048-B4C7-54B151D7EAF4}.Debug|Any CPU.Build.0 = Debug|Any CPU
		{D8DC5433-BA87-4048-B4C7-54B151D7EAF4}.Release|Any CPU.ActiveCfg = Release|Any CPU
		{D8DC5433-BA87-4048-B4C7-54B151D7EAF4}.Release|Any CPU.Build.0 = Release|Any CPU
		{D2248800-1E24-4C12-A586-FBBB59FCE82C}.Debug|Any CPU.ActiveCfg = Debug|Any CPU
		{D2248800-1E24-4C12-A586-FBBB59FCE82C}.Debug|Any CPU.Build.0 = Debug|Any CPU
		{D2248800-1E24-4C12-A586-FBBB59FCE82C}.Release|Any CPU.ActiveCfg = Release|Any CPU
		{D2248800-1E24-4C12-A586-FBBB59FCE82C}.Release|Any CPU.Build.0 = Release|Any CPU
		{4C90EB13-5AE4-4BDC-B066-58186441EB9F}.Debug|Any CPU.ActiveCfg = Debug|Any CPU
		{4C90EB13-5AE4-4BDC-B066-58186441EB9F}.Debug|Any CPU.Build.0 = Debug|Any CPU
		{4C90EB13-5AE4-4BDC-B066-58186441EB9F}.Release|Any CPU.ActiveCfg = Release|Any CPU
		{4C90EB13-5AE4-4BDC-B066-58186441EB9F}.Release|Any CPU.Build.0 = Release|Any CPU
		{ABFDF4C3-087F-4004-9FBA-C99742054A53}.Debug|Any CPU.ActiveCfg = Debug|Any CPU
		{ABFDF4C3-087F-4004-9FBA-C99742054A53}.Debug|Any CPU.Build.0 = Debug|Any CPU
		{ABFDF4C3-087F-4004-9FBA-C99742054A53}.Release|Any CPU.ActiveCfg = Release|Any CPU
		{ABFDF4C3-087F-4004-9FBA-C99742054A53}.Release|Any CPU.Build.0 = Release|Any CPU
		{DA75033B-4DB8-45AC-B436-5FE425BCE040}.Debug|Any CPU.ActiveCfg = Debug|Any CPU
		{DA75033B-4DB8-45AC-B436-5FE425BCE040}.Debug|Any CPU.Build.0 = Debug|Any CPU
		{DA75033B-4DB8-45AC-B436-5FE425BCE040}.Release|Any CPU.ActiveCfg = Release|Any CPU
		{DA75033B-4DB8-45AC-B436-5FE425BCE040}.Release|Any CPU.Build.0 = Release|Any CPU
		{FD1C519F-CD18-4A2A-B3C8-473CAE740B76}.Debug|Any CPU.ActiveCfg = Debug|Any CPU
		{FD1C519F-CD18-4A2A-B3C8-473CAE740B76}.Debug|Any CPU.Build.0 = Debug|Any CPU
		{FD1C519F-CD18-4A2A-B3C8-473CAE740B76}.Release|Any CPU.ActiveCfg = Release|Any CPU
		{FD1C519F-CD18-4A2A-B3C8-473CAE740B76}.Release|Any CPU.Build.0 = Release|Any CPU
		{A596305B-451F-46CE-88EC-AE2384B8ADF6}.Debug|Any CPU.ActiveCfg = Debug|Any CPU
		{A596305B-451F-46CE-88EC-AE2384B8ADF6}.Debug|Any CPU.Build.0 = Debug|Any CPU
		{A596305B-451F-46CE-88EC-AE2384B8ADF6}.Release|Any CPU.ActiveCfg = Release|Any CPU
		{A596305B-451F-46CE-88EC-AE2384B8ADF6}.Release|Any CPU.Build.0 = Release|Any CPU
		{C9BE0FCA-ACA1-42B8-90F7-F04E03D58FF3}.Debug|Any CPU.ActiveCfg = Debug|Any CPU
		{C9BE0FCA-ACA1-42B8-90F7-F04E03D58FF3}.Debug|Any CPU.Build.0 = Debug|Any CPU
		{C9BE0FCA-ACA1-42B8-90F7-F04E03D58FF3}.Release|Any CPU.ActiveCfg = Release|Any CPU
		{C9BE0FCA-ACA1-42B8-90F7-F04E03D58FF3}.Release|Any CPU.Build.0 = Release|Any CPU
		{405CDB33-859C-4ED0-B55D-DB67A43A7545}.Debug|Any CPU.ActiveCfg = Debug|Any CPU
		{405CDB33-859C-4ED0-B55D-DB67A43A7545}.Debug|Any CPU.Build.0 = Debug|Any CPU
		{405CDB33-859C-4ED0-B55D-DB67A43A7545}.Release|Any CPU.ActiveCfg = Release|Any CPU
		{405CDB33-859C-4ED0-B55D-DB67A43A7545}.Release|Any CPU.Build.0 = Release|Any CPU
		{B0BC48CC-0CEF-41FB-9953-DF1FD1712C54}.Debug|Any CPU.ActiveCfg = Debug|Any CPU
		{B0BC48CC-0CEF-41FB-9953-DF1FD1712C54}.Debug|Any CPU.Build.0 = Debug|Any CPU
		{B0BC48CC-0CEF-41FB-9953-DF1FD1712C54}.Release|Any CPU.ActiveCfg = Release|Any CPU
		{B0BC48CC-0CEF-41FB-9953-DF1FD1712C54}.Release|Any CPU.Build.0 = Release|Any CPU
		{98824414-8439-4A57-BCB8-9B7872C1DE2A}.Debug|Any CPU.ActiveCfg = Debug|Any CPU
		{98824414-8439-4A57-BCB8-9B7872C1DE2A}.Debug|Any CPU.Build.0 = Debug|Any CPU
		{98824414-8439-4A57-BCB8-9B7872C1DE2A}.Release|Any CPU.ActiveCfg = Release|Any CPU
		{98824414-8439-4A57-BCB8-9B7872C1DE2A}.Release|Any CPU.Build.0 = Release|Any CPU
		{D5AF3127-F1AC-4FED-BE55-225050BB132C}.Debug|Any CPU.ActiveCfg = Debug|Any CPU
		{D5AF3127-F1AC-4FED-BE55-225050BB132C}.Debug|Any CPU.Build.0 = Debug|Any CPU
		{D5AF3127-F1AC-4FED-BE55-225050BB132C}.Release|Any CPU.ActiveCfg = Release|Any CPU
		{D5AF3127-F1AC-4FED-BE55-225050BB132C}.Release|Any CPU.Build.0 = Release|Any CPU
		{315FD9B2-9984-41DF-97A6-B1F4F7657A64}.Debug|Any CPU.ActiveCfg = Debug|Any CPU
		{315FD9B2-9984-41DF-97A6-B1F4F7657A64}.Debug|Any CPU.Build.0 = Debug|Any CPU
		{315FD9B2-9984-41DF-97A6-B1F4F7657A64}.Release|Any CPU.ActiveCfg = Release|Any CPU
		{315FD9B2-9984-41DF-97A6-B1F4F7657A64}.Release|Any CPU.Build.0 = Release|Any CPU
		{E699A7B8-818E-49AB-AD09-5AFD9A1E0470}.Debug|Any CPU.ActiveCfg = Debug|Any CPU
		{E699A7B8-818E-49AB-AD09-5AFD9A1E0470}.Debug|Any CPU.Build.0 = Debug|Any CPU
		{E699A7B8-818E-49AB-AD09-5AFD9A1E0470}.Release|Any CPU.ActiveCfg = Release|Any CPU
		{E699A7B8-818E-49AB-AD09-5AFD9A1E0470}.Release|Any CPU.Build.0 = Release|Any CPU
		{B9A7F17B-6725-4E0C-BDC0-B15A6FA8E317}.Debug|Any CPU.ActiveCfg = Debug|Any CPU
		{B9A7F17B-6725-4E0C-BDC0-B15A6FA8E317}.Debug|Any CPU.Build.0 = Debug|Any CPU
		{B9A7F17B-6725-4E0C-BDC0-B15A6FA8E317}.Release|Any CPU.ActiveCfg = Release|Any CPU
		{B9A7F17B-6725-4E0C-BDC0-B15A6FA8E317}.Release|Any CPU.Build.0 = Release|Any CPU
		{D79747A6-584A-4454-B961-EDF317E5E6E4}.Debug|Any CPU.ActiveCfg = Debug|Any CPU
		{D79747A6-584A-4454-B961-EDF317E5E6E4}.Debug|Any CPU.Build.0 = Debug|Any CPU
		{D79747A6-584A-4454-B961-EDF317E5E6E4}.Release|Any CPU.ActiveCfg = Release|Any CPU
		{D79747A6-584A-4454-B961-EDF317E5E6E4}.Release|Any CPU.Build.0 = Release|Any CPU
		{A984038E-93F8-4840-ADC7-22687A979753}.Debug|Any CPU.ActiveCfg = Debug|Any CPU
		{A984038E-93F8-4840-ADC7-22687A979753}.Debug|Any CPU.Build.0 = Debug|Any CPU
		{A984038E-93F8-4840-ADC7-22687A979753}.Release|Any CPU.ActiveCfg = Release|Any CPU
		{A984038E-93F8-4840-ADC7-22687A979753}.Release|Any CPU.Build.0 = Release|Any CPU
		{19B8A491-4F8D-4D35-92F3-1C02B49CF8A2}.Debug|Any CPU.ActiveCfg = Debug|Any CPU
		{19B8A491-4F8D-4D35-92F3-1C02B49CF8A2}.Debug|Any CPU.Build.0 = Debug|Any CPU
		{19B8A491-4F8D-4D35-92F3-1C02B49CF8A2}.Release|Any CPU.ActiveCfg = Release|Any CPU
		{19B8A491-4F8D-4D35-92F3-1C02B49CF8A2}.Release|Any CPU.Build.0 = Release|Any CPU
		{AF57A54C-A1BB-4962-BC48-42C17E0B1FF1}.Debug|Any CPU.ActiveCfg = Debug|Any CPU
		{AF57A54C-A1BB-4962-BC48-42C17E0B1FF1}.Debug|Any CPU.Build.0 = Debug|Any CPU
		{AF57A54C-A1BB-4962-BC48-42C17E0B1FF1}.Release|Any CPU.ActiveCfg = Release|Any CPU
		{AF57A54C-A1BB-4962-BC48-42C17E0B1FF1}.Release|Any CPU.Build.0 = Release|Any CPU
		{5D5C3EE2-E7A1-4AB7-9CC1-2FF2036D905B}.Debug|Any CPU.ActiveCfg = Debug|Any CPU
		{5D5C3EE2-E7A1-4AB7-9CC1-2FF2036D905B}.Debug|Any CPU.Build.0 = Debug|Any CPU
		{5D5C3EE2-E7A1-4AB7-9CC1-2FF2036D905B}.Release|Any CPU.ActiveCfg = Release|Any CPU
		{5D5C3EE2-E7A1-4AB7-9CC1-2FF2036D905B}.Release|Any CPU.Build.0 = Release|Any CPU
		{220CE2DD-46EA-4A4A-94BC-53AF84CE75A7}.Debug|Any CPU.ActiveCfg = Debug|Any CPU
		{220CE2DD-46EA-4A4A-94BC-53AF84CE75A7}.Debug|Any CPU.Build.0 = Debug|Any CPU
		{220CE2DD-46EA-4A4A-94BC-53AF84CE75A7}.Release|Any CPU.ActiveCfg = Release|Any CPU
		{220CE2DD-46EA-4A4A-94BC-53AF84CE75A7}.Release|Any CPU.Build.0 = Release|Any CPU
		{F73C9D59-2040-45D7-A573-90B640C00209}.Debug|Any CPU.ActiveCfg = Debug|Any CPU
		{F73C9D59-2040-45D7-A573-90B640C00209}.Debug|Any CPU.Build.0 = Debug|Any CPU
		{F73C9D59-2040-45D7-A573-90B640C00209}.Release|Any CPU.ActiveCfg = Release|Any CPU
		{F73C9D59-2040-45D7-A573-90B640C00209}.Release|Any CPU.Build.0 = Release|Any CPU
		{CAA5D3FE-1A1F-4122-BC9A-456AE99F1CB9}.Debug|Any CPU.ActiveCfg = Debug|Any CPU
		{CAA5D3FE-1A1F-4122-BC9A-456AE99F1CB9}.Debug|Any CPU.Build.0 = Debug|Any CPU
		{CAA5D3FE-1A1F-4122-BC9A-456AE99F1CB9}.Release|Any CPU.ActiveCfg = Release|Any CPU
		{CAA5D3FE-1A1F-4122-BC9A-456AE99F1CB9}.Release|Any CPU.Build.0 = Release|Any CPU
	EndGlobalSection
	GlobalSection(SolutionProperties) = preSolution
		HideSolutionNode = FALSE
	EndGlobalSection
	GlobalSection(NestedProjects) = preSolution
		{611773F2-8A6C-4321-A640-61DA7199F164} = {72BE5F60-92BE-4032-89FF-BFC90D9EC56B}
		{43ECB410-5747-41E5-9F67-CD6859BBD297} = {E64A4656-E2C5-4914-B079-246C6FA07CB2}
		{BC664135-7025-4D9C-9F87-B4438BBFD05A} = {43ECB410-5747-41E5-9F67-CD6859BBD297}
		{73F1FA9B-0CDA-4666-9C00-74D241D7AE7D} = {E64A4656-E2C5-4914-B079-246C6FA07CB2}
		{66036B64-9A13-4157-BFD3-BBD8E5312931} = {73F1FA9B-0CDA-4666-9C00-74D241D7AE7D}
		{79B0C9AC-AC88-4B28-BD97-FA96AC66FD14} = {E64A4656-E2C5-4914-B079-246C6FA07CB2}
		{D5AAF32F-2E9E-49F0-B5DA-747EB34769C4} = {79B0C9AC-AC88-4B28-BD97-FA96AC66FD14}
		{99C9118F-71F7-40B2-BD58-9629E5F54346} = {E64A4656-E2C5-4914-B079-246C6FA07CB2}
		{49846A86-FFDD-44E7-AA35-76CB8E8E0062} = {F3018A30-9BA9-469B-8B49-C93001D34539}
		{BF2D3CEE-CE58-4F04-BCAE-A60BD3293559} = {49846A86-FFDD-44E7-AA35-76CB8E8E0062}
		{4BC76746-CD9D-4F31-A145-7031857CCD93} = {49846A86-FFDD-44E7-AA35-76CB8E8E0062}
		{4CBFE5A5-707F-4FC5-ABF3-7C1617103E9B} = {49846A86-FFDD-44E7-AA35-76CB8E8E0062}
		{166E1F14-EF5D-40C7-BDEA-D2505FE4A662} = {49846A86-FFDD-44E7-AA35-76CB8E8E0062}
		{24FCAE6B-55BB-4E16-BF87-85C1450C5A50} = {33F23C37-CFAE-4DA4-870A-4447D894A803}
		{73C1D108-6F59-4E6B-8345-96AED80725CA} = {E64A4656-E2C5-4914-B079-246C6FA07CB2}
		{92D0F541-C5B0-4492-8CCA-362D891B2630} = {73C1D108-6F59-4E6B-8345-96AED80725CA}
		{B6C03A43-88C5-46D4-9018-15D72D76B926} = {92D0F541-C5B0-4492-8CCA-362D891B2630}
		{E25E76CD-1FAD-46D5-A35B-70A42E4CB962} = {E64A4656-E2C5-4914-B079-246C6FA07CB2}
		{8E900736-8267-4D5C-8A45-A66AA31BA5AE} = {E25E76CD-1FAD-46D5-A35B-70A42E4CB962}
		{8BFD2E4E-5980-4550-BFB1-E767825C3EF8} = {E64A4656-E2C5-4914-B079-246C6FA07CB2}
		{DB5EE881-4468-4F75-80FA-421EEAAC2113} = {49846A86-FFDD-44E7-AA35-76CB8E8E0062}
		{B116B1D8-CA68-4955-8016-E8A06ED59BA3} = {E64A4656-E2C5-4914-B079-246C6FA07CB2}
		{D8DC5433-BA87-4048-B4C7-54B151D7EAF4} = {B116B1D8-CA68-4955-8016-E8A06ED59BA3}
		{95645F00-849A-4896-9173-C0E393E49662} = {73C1D108-6F59-4E6B-8345-96AED80725CA}
		{D2248800-1E24-4C12-A586-FBBB59FCE82C} = {95645F00-849A-4896-9173-C0E393E49662}
		{4C90EB13-5AE4-4BDC-B066-58186441EB9F} = {49846A86-FFDD-44E7-AA35-76CB8E8E0062}
		{72BE5F60-92BE-4032-89FF-BFC90D9EC56B} = {33F23C37-CFAE-4DA4-870A-4447D894A803}
		{ABFDF4C3-087F-4004-9FBA-C99742054A53} = {72BE5F60-92BE-4032-89FF-BFC90D9EC56B}
		{DA75033B-4DB8-45AC-B436-5FE425BCE040} = {72BE5F60-92BE-4032-89FF-BFC90D9EC56B}
		{39996919-EEB0-40B7-95EB-550C81F5036E} = {F3018A30-9BA9-469B-8B49-C93001D34539}
		{FD1C519F-CD18-4A2A-B3C8-473CAE740B76} = {39996919-EEB0-40B7-95EB-550C81F5036E}
		{A596305B-451F-46CE-88EC-AE2384B8ADF6} = {39996919-EEB0-40B7-95EB-550C81F5036E}
		{C9BE0FCA-ACA1-42B8-90F7-F04E03D58FF3} = {ACD138AA-D8FC-4D58-83D6-4A1AD509090B}
		{405CDB33-859C-4ED0-B55D-DB67A43A7545} = {72BE5F60-92BE-4032-89FF-BFC90D9EC56B}
		{B0BC48CC-0CEF-41FB-9953-DF1FD1712C54} = {ACD138AA-D8FC-4D58-83D6-4A1AD509090B}
		{98824414-8439-4A57-BCB8-9B7872C1DE2A} = {ACD138AA-D8FC-4D58-83D6-4A1AD509090B}
		{D5AF3127-F1AC-4FED-BE55-225050BB132C} = {ACD138AA-D8FC-4D58-83D6-4A1AD509090B}
		{315FD9B2-9984-41DF-97A6-B1F4F7657A64} = {ACD138AA-D8FC-4D58-83D6-4A1AD509090B}
		{E699A7B8-818E-49AB-AD09-5AFD9A1E0470} = {ACD138AA-D8FC-4D58-83D6-4A1AD509090B}
		{B9A7F17B-6725-4E0C-BDC0-B15A6FA8E317} = {ACD138AA-D8FC-4D58-83D6-4A1AD509090B}
		{D79747A6-584A-4454-B961-EDF317E5E6E4} = {ACD138AA-D8FC-4D58-83D6-4A1AD509090B}
		{A984038E-93F8-4840-ADC7-22687A979753} = {ACD138AA-D8FC-4D58-83D6-4A1AD509090B}
		{19B8A491-4F8D-4D35-92F3-1C02B49CF8A2} = {ACD138AA-D8FC-4D58-83D6-4A1AD509090B}
		{AF57A54C-A1BB-4962-BC48-42C17E0B1FF1} = {ACD138AA-D8FC-4D58-83D6-4A1AD509090B}
		{5D5C3EE2-E7A1-4AB7-9CC1-2FF2036D905B} = {ACD138AA-D8FC-4D58-83D6-4A1AD509090B}
		{220CE2DD-46EA-4A4A-94BC-53AF84CE75A7} = {95645F00-849A-4896-9173-C0E393E49662}
		{F73C9D59-2040-45D7-A573-90B640C00209} = {ACD138AA-D8FC-4D58-83D6-4A1AD509090B}
		{CAA5D3FE-1A1F-4122-BC9A-456AE99F1CB9} = {ACD138AA-D8FC-4D58-83D6-4A1AD509090B}
	EndGlobalSection
	GlobalSection(ExtensibilityGlobals) = postSolution
		SolutionGuid = {19CECF98-13B4-4B95-8AE5-2BDBD4E8BE49}
	EndGlobalSection
EndGlobal
